
Microsoft Visual Studio Solution File, Format Version 12.00
# Visual Studio Version 17
VisualStudioVersion = 17.0.32126.317
MinimumVisualStudioVersion = 10.0.40219.1
Project("{2150E333-8FDC-42A3-9474-1A3956D46DE8}") = "src", "src", "{C012DE81-2926-4373-84DC-C88093AB9A0C}"
EndProject
Project("{2150E333-8FDC-42A3-9474-1A3956D46DE8}") = "test", "test", "{1343F11D-EDB8-4FEC-B26B-5F42C1313E42}"
EndProject
Project("{9A19103F-16F7-4668-BE54-9A1E7A4F7556}") = "Orleans.TelemetryConsumers.ECS", "src\Orleans.TelemetryConsumers.ECS\Orleans.TelemetryConsumers.ECS.csproj", "{05F20E86-EFF3-4BD2-9A0A-03836168166D}"
EndProject
Project("{9A19103F-16F7-4668-BE54-9A1E7A4F7556}") = "Orleans.TelemetryConsumers.ECS.Tests", "test\Orleans.TelemetryConsumers.ECS.Tests\Orleans.TelemetryConsumers.ECS.Tests.csproj", "{6C5BB7A5-56D0-4C65-BAFE-9C941AD0B079}"
EndProject
Global
	GlobalSection(SolutionConfigurationPlatforms) = preSolution
		Debug|Any CPU = Debug|Any CPU
		Release|Any CPU = Release|Any CPU
	EndGlobalSection
	GlobalSection(ProjectConfigurationPlatforms) = postSolution
		{05F20E86-EFF3-4BD2-9A0A-03836168166D}.Debug|Any CPU.ActiveCfg = Debug|Any CPU
		{05F20E86-EFF3-4BD2-9A0A-03836168166D}.Debug|Any CPU.Build.0 = Debug|Any CPU
		{05F20E86-EFF3-4BD2-9A0A-03836168166D}.Release|Any CPU.ActiveCfg = Release|Any CPU
		{05F20E86-EFF3-4BD2-9A0A-03836168166D}.Release|Any CPU.Build.0 = Release|Any CPU
		{6C5BB7A5-56D0-4C65-BAFE-9C941AD0B079}.Debug|Any CPU.ActiveCfg = Debug|Any CPU
		{6C5BB7A5-56D0-4C65-BAFE-9C941AD0B079}.Debug|Any CPU.Build.0 = Debug|Any CPU
		{6C5BB7A5-56D0-4C65-BAFE-9C941AD0B079}.Release|Any CPU.ActiveCfg = Release|Any CPU
		{6C5BB7A5-56D0-4C65-BAFE-9C941AD0B079}.Release|Any CPU.Build.0 = Release|Any CPU
	EndGlobalSection
	GlobalSection(SolutionProperties) = preSolution
		HideSolutionNode = FALSE
	EndGlobalSection
	GlobalSection(NestedProjects) = preSolution
		{05F20E86-EFF3-4BD2-9A0A-03836168166D} = {C012DE81-2926-4373-84DC-C88093AB9A0C}
		{6C5BB7A5-56D0-4C65-BAFE-9C941AD0B079} = {1343F11D-EDB8-4FEC-B26B-5F42C1313E42}
	EndGlobalSection
	GlobalSection(ExtensibilityGlobals) = postSolution
		SolutionGuid = {87775C07-94F8-4E0E-8707-F3456BB5204A}
	EndGlobalSection
EndGlobal
